{
  "nodes": {
    "flake-utils": {
      "locked": {
        "lastModified": 1623660459,
        "narHash": "sha256-OTmOsh43po7r5F9s9H6lVCBQ2b0FikWbmiwLbMAGRdw=",
        "owner": "numtide",
        "repo": "flake-utils",
        "rev": "98c8d36b1828009b20f12544214683c7489935a1",
        "type": "github"
      },
      "original": {
        "owner": "numtide",
        "repo": "flake-utils",
        "rev": "98c8d36b1828009b20f12544214683c7489935a1",
        "type": "github"
      }
    },
    "nixpkgs": {
      "locked": {
        "lastModified": 1623961232,
        "narHash": "sha256-5X5v37GTBFdQnc3rvbSPJyAtO+/z1wHZF3Kz61g2Mx4=",
        "owner": "NixOS",
        "repo": "nixpkgs",
        "rev": "bad3ccd099ebe9a8aa017bda8500ab02787d90aa",
        "type": "github"
      },
      "original": {
        "owner": "NixOS",
        "repo": "nixpkgs",
        "rev": "bad3ccd099ebe9a8aa017bda8500ab02787d90aa",
        "type": "github"
      }
    },
    "root": {
      "inputs": {
        "flake-utils": "flake-utils",
        "nixpkgs": "nixpkgs"
      }
    }
  },
  "root": "root",
  "version": 7
}
