{
  "nodes": {
    "nixpkgs": {
      "locked": {
        "lastModified": 1623309731,
        "narHash": "sha256-UZVcWcMEuWr6QmoFNryxUwjnokXXREJO7CSRe8ob6E4=",
        "owner": "NixOS",
        "repo": "nixpkgs",
        "rev": "cedcf2565c6b982d703d67455199b09a3d905d86",
        "type": "github"
      },
      "original": {
        "owner": "NixOS",
        "ref": "nixos-21.05",
        "repo": "nixpkgs",
        "type": "github"
      }
    },
    "root": {
      "inputs": {
        "nixpkgs": "nixpkgs"
      }
    }
  },
  "root": "root",
  "version": 7
}
